lockfileVersion: '9.0'

settings:
  autoInstallPeers: true
  excludeLinksFromLockfile: false

importers:

  .:
    dependencies:
      dayjs:
        specifier: ^1.11.19
        version: 1.11.19
      pinia:
        specifier: ^3.0.4
        version: 3.0.4(vue@3.5.24)
      vuex:
        specifier: ^4.1.0
        version: 4.1.0(vue@3.5.24)

packages:

  '@babel/helper-string-parser@7.27.1':
    resolution: {integrity: sha512-qMlSxKbpRlAridDExk92nSobyDdpPijUq2DW6oDnUqd0iOGxmQjyqhMIihI9+zv4LPyZdRje2cavWPbCbWm3eA==}
    engines: {node: '>=6.9.0'}

  '@babel/helper-validator-identifier@7.28.5':
    resolution: {integrity: sha512-qSs4ifwzKJSV39ucNjsvc6WVHs6b7S03sOh2OcHF9UHfVPqWWALUsNUVzhSBiItjRZoLHx7nIarVjqKVusUZ1Q==}
    engines: {node: '>=6.9.0'}

  '@babel/parser@7.28.5':
    resolution: {integrity: sha512-KKBU1VGYR7ORr3At5HAtUQ+TV3SzRCXmA/8OdDZiLDBIZxVyzXuztPjfLd3BV1PRAQGCMWWSHYhL0F8d5uHBDQ==}
    engines: {node: '>=6.0.0'}
    hasBin: true

  '@babel/types@7.28.5':
    resolution: {integrity: sha512-qQ5m48eI/MFLQ5PxQj4PFaprjyCTLI37ElWMmNs0K8Lk3dVeOdNpB3ks8jc7yM5CDmVC73eMVk/trk3fgmrUpA==}
    engines: {node: '>=6.9.0'}

  '@jridgewell/sourcemap-codec@1.5.5':
    resolution: {integrity: sha512-cYQ9310grqxueWbl+WuIUIaiUaDcj7WOq5fVhEljNVgRfOUhY9fy2zTvfoqWsnebh8Sl70VScFbICvJnLKB0Og==}

  '@vue/compiler-core@3.5.24':
    resolution: {integrity: sha512-eDl5H57AOpNakGNAkFDH+y7kTqrQpJkZFXhWZQGyx/5Wh7B1uQYvcWkvZi11BDhscPgj8N7XV3oRwiPnx1Vrig==}

  '@vue/compiler-dom@3.5.24':
    resolution: {integrity: sha512-1QHGAvs53gXkWdd3ZMGYuvQFXHW4ksKWPG8HP8/2BscrbZ0brw183q2oNWjMrSWImYLHxHrx1ItBQr50I/q2zw==}

  '@vue/compiler-sfc@3.5.24':
    resolution: {integrity: sha512-8EG5YPRgmTB+YxYBM3VXy8zHD9SWHUJLIGPhDovo3Z8VOgvP+O7UP5vl0J4BBPWYD9vxtBabzW1EuEZ+Cqs14g==}

  '@vue/compiler-ssr@3.5.24':
    resolution: {integrity: sha512-trOvMWNBMQ/odMRHW7Ae1CdfYx+7MuiQu62Jtu36gMLXcaoqKvAyh+P73sYG9ll+6jLB6QPovqoKGGZROzkFFg==}

  '@vue/devtools-api@6.6.4':
    resolution: {integrity: sha512-sGhTPMuXqZ1rVOk32RylztWkfXTRhuS7vgAKv0zjqk8gbsHkJ7xfFf+jbySxt7tWObEJwyKaHMikV/WGDiQm8g==}

  '@vue/devtools-api@7.7.9':
    resolution: {integrity: sha512-kIE8wvwlcZ6TJTbNeU2HQNtaxLx3a84aotTITUuL/4bzfPxzajGBOoqjMhwZJ8L9qFYDU/lAYMEEm11dnZOD6g==}

  '@vue/devtools-kit@7.7.9':
    resolution: {integrity: sha512-PyQ6odHSgiDVd4hnTP+aDk2X4gl2HmLDfiyEnn3/oV+ckFDuswRs4IbBT7vacMuGdwY/XemxBoh302ctbsptuA==}

  '@vue/devtools-shared@7.7.9':
    resolution: {integrity: sha512-iWAb0v2WYf0QWmxCGy0seZNDPdO3Sp5+u78ORnyeonS6MT4PC7VPrryX2BpMJrwlDeaZ6BD4vP4XKjK0SZqaeA==}

  '@vue/reactivity@3.5.24':
    resolution: {integrity: sha512-BM8kBhtlkkbnyl4q+HiF5R5BL0ycDPfihowulm02q3WYp2vxgPcJuZO866qa/0u3idbMntKEtVNuAUp5bw4teg==}

  '@vue/runtime-core@3.5.24':
    resolution: {integrity: sha512-RYP/byyKDgNIqfX/gNb2PB55dJmM97jc9wyF3jK7QUInYKypK2exmZMNwnjueWwGceEkP6NChd3D2ZVEp9undQ==}

  '@vue/runtime-dom@3.5.24':
    resolution: {integrity: sha512-Z8ANhr/i0XIluonHVjbUkjvn+CyrxbXRIxR7wn7+X7xlcb7dJsfITZbkVOeJZdP8VZwfrWRsWdShH6pngMxRjw==}

  '@vue/server-renderer@3.5.24':
    resolution: {integrity: sha512-Yh2j2Y4G/0/4z/xJ1Bad4mxaAk++C2v4kaa8oSYTMJBJ00/ndPuxCnWeot0/7/qafQFLh5pr6xeV6SdMcE/G1w==}
    peerDependencies:
      vue: 3.5.24

  '@vue/shared@3.5.24':
    resolution: {integrity: sha512-9cwHL2EsJBdi8NY22pngYYWzkTDhld6fAD6jlaeloNGciNSJL6bLpbxVgXl96X00Jtc6YWQv96YA/0sxex/k1A==}

  birpc@2.8.0:
    resolution: {integrity: sha512-Bz2a4qD/5GRhiHSwj30c/8kC8QGj12nNDwz3D4ErQ4Xhy35dsSDvF+RA/tWpjyU0pdGtSDiEk6B5fBGE1qNVhw==}

  copy-anything@4.0.5:
    resolution: {integrity: sha512-7Vv6asjS4gMOuILabD3l739tsaxFQmC+a7pLZm02zyvs8p977bL3zEgq3yDk5rn9B0PbYgIv++jmHcuUab4RhA==}
    engines: {node: '>=18'}

  csstype@3.2.3:
    resolution: {integrity: sha512-z1HGKcYy2xA8AGQfwrn0PAy+PB7X/GSj3UVJW9qKyn43xWa+gl5nXmU4qqLMRzWVLFC8KusUX8T/0kCiOYpAIQ==}

  dayjs@1.11.19:
    resolution: {integrity: sha512-t5EcLVS6QPBNqM2z8fakk/NKel+Xzshgt8FFKAn+qwlD1pzZWxh0nVCrvFK7ZDb6XucZeF9z8C7CBWTRIVApAw==}

  entities@4.5.0:
    resolution: {integrity: sha512-V0hjH4dGPh9Ao5p0MoRY6BVqtwCjhz6vI5LT8AJ55H+4g9/4vbHx1I54fS0XuclLhDHArPQCiMjDxjaL8fPxhw==}
    engines: {node: '>=0.12'}

  estree-walker@2.0.2:
    resolution: {integrity: sha512-Rfkk/Mp/DL7JVje3u18FxFujQlTNR2q6QfMSMB7AvCBx91NGj/ba3kCfza0f6dVDbw7YlRf/nDrn7pQrCCyQ/w==}

  hookable@5.5.3:
    resolution: {integrity: sha512-Yc+BQe8SvoXH1643Qez1zqLRmbA5rCL+sSmk6TVos0LWVfNIB7PGncdlId77WzLGSIB5KaWgTaNTs2lNVEI6VQ==}

  is-what@5.5.0:
    resolution: {integrity: sha512-oG7cgbmg5kLYae2N5IVd3jm2s+vldjxJzK1pcu9LfpGuQ93MQSzo0okvRna+7y5ifrD+20FE8FvjusyGaz14fw==}
    engines: {node: '>=18'}

  magic-string@0.30.21:
    resolution: {integrity: sha512-vd2F4YUyEXKGcLHoq+TEyCjxueSeHnFxyyjNp80yg0XV4vUhnDer/lvvlqM/arB5bXQN5K2/3oinyCRyx8T2CQ==}

  mitt@3.0.1:
    resolution: {integrity: sha512-vKivATfr97l2/QBCYAkXYDbrIWPM2IIKEl7YPhjCvKlG3kE2gm+uBo6nEXK3M5/Ffh/FLpKExzOQ3JJoJGFKBw==}

  nanoid@3.3.11:
    resolution: {integrity: sha512-N8SpfPUnUp1bK+PMYW8qSWdl9U+wwNWI4QKxOYDy9JAro3WMX7p2OeVRF9v+347pnakNevPmiHhNmZ2HbFA76w==}
    engines: {node: ^10 || ^12 || ^13.7 || ^14 || >=15.0.1}
    hasBin: true

  perfect-debounce@1.0.0:
    resolution: {integrity: sha512-xCy9V055GLEqoFaHoC1SoLIaLmWctgCUaBaWxDZ7/Zx4CTyX7cJQLJOok/orfjZAh9kEYpjJa4d0KcJmCbctZA==}

  picocolors@1.1.1:
    resolution: {integrity: sha512-xceH2snhtb5M9liqDsmEw56le376mTZkEX/jEb/RxNFyegNul7eNslCXP9FDj/Lcu0X8KEyMceP2ntpaHrDEVA==}

  pinia@3.0.4:
    resolution: {integrity: sha512-l7pqLUFTI/+ESXn6k3nu30ZIzW5E2WZF/LaHJEpoq6ElcLD+wduZoB2kBN19du6K/4FDpPMazY2wJr+IndBtQw==}
    peerDependencies:
      typescript: '>=4.5.0'
      vue: ^3.5.11
    peerDependenciesMeta:
      typescript:
        optional: true

  postcss@8.5.6:
    resolution: {integrity: sha512-3Ybi1tAuwAP9s0r1UQ2J4n5Y0G05bJkpUIO0/bI9MhwmD70S5aTWbXGBwxHrelT+XM1k6dM0pk+SwNkpTRN7Pg==}
    engines: {node: ^10 || ^12 || >=14}

  rfdc@1.4.1:
    resolution: {integrity: sha512-q1b3N5QkRUWUl7iyylaaj3kOpIT0N2i9MqIEQXP73GVsN9cw3fdx8X63cEmWhJGi2PPCF23Ijp7ktmd39rawIA==}

  source-map-js@1.2.1:
    resolution: {integrity: sha512-UXWMKhLOwVKb728IUtQPXxfYU+usdybtUrK/8uGE8CQMvrhOpwvzDBwj0QhSL7MQc7vIsISBG8VQ8+IDQxpfQA==}
    engines: {node: '>=0.10.0'}

  speakingurl@14.0.1:
    resolution: {integrity: sha512-1POYv7uv2gXoyGFpBCmpDVSNV74IfsWlDW216UPjbWufNf+bSU6GdbDsxdcxtfwb4xlI3yxzOTKClUosxARYrQ==}
    engines: {node: '>=0.10.0'}

  superjson@2.2.5:
    resolution: {integrity: sha512-zWPTX96LVsA/eVYnqOM2+ofcdPqdS1dAF1LN4TS2/MWuUpfitd9ctTa87wt4xrYnZnkLtS69xpBdSxVBP5Rm6w==}
    engines: {node: '>=16'}

  vue@3.5.24:
    resolution: {integrity: sha512-uTHDOpVQTMjcGgrqFPSb8iO2m1DUvo+WbGqoXQz8Y1CeBYQ0FXf2z1gLRaBtHjlRz7zZUBHxjVB5VTLzYkvftg==}
    peerDependencies:
      typescript: '*'
    peerDependenciesMeta:
      typescript:
        optional: true

  vuex@4.1.0:
    resolution: {integrity: sha512-hmV6UerDrPcgbSy9ORAtNXDr9M4wlNP4pEFKye4ujJF8oqgFFuxDCdOLS3eNoRTtq5O3hoBDh9Doj1bQMYHRbQ==}
    peerDependencies:
      vue: ^3.2.0

snapshots:

  '@babel/helper-string-parser@7.27.1': {}

  '@babel/helper-validator-identifier@7.28.5': {}

  '@babel/parser@7.28.5':
    dependencies:
      '@babel/types': 7.28.5

  '@babel/types@7.28.5':
    dependencies:
      '@babel/helper-string-parser': 7.27.1
      '@babel/helper-validator-identifier': 7.28.5

  '@jridgewell/sourcemap-codec@1.5.5': {}

  '@vue/compiler-core@3.5.24':
    dependencies:
      '@babel/parser': 7.28.5
      '@vue/shared': 3.5.24
      entities: 4.5.0
      estree-walker: 2.0.2
      source-map-js: 1.2.1

  '@vue/compiler-dom@3.5.24':
    dependencies:
      '@vue/compiler-core': 3.5.24
      '@vue/shared': 3.5.24

  '@vue/compiler-sfc@3.5.24':
    dependencies:
      '@babel/parser': 7.28.5
      '@vue/compiler-core': 3.5.24
      '@vue/compiler-dom': 3.5.24
      '@vue/compiler-ssr': 3.5.24
      '@vue/shared': 3.5.24
      estree-walker: 2.0.2
      magic-string: 0.30.21
      postcss: 8.5.6
      source-map-js: 1.2.1

  '@vue/compiler-ssr@3.5.24':
    dependencies:
      '@vue/compiler-dom': 3.5.24
      '@vue/shared': 3.5.24

  '@vue/devtools-api@6.6.4': {}

  '@vue/devtools-api@7.7.9':
    dependencies:
      '@vue/devtools-kit': 7.7.9

  '@vue/devtools-kit@7.7.9':
    dependencies:
      '@vue/devtools-shared': 7.7.9
      birpc: 2.8.0
      hookable: 5.5.3
      mitt: 3.0.1
      perfect-debounce: 1.0.0
      speakingurl: 14.0.1
      superjson: 2.2.5

  '@vue/devtools-shared@7.7.9':
    dependencies:
      rfdc: 1.4.1

  '@vue/reactivity@3.5.24':
    dependencies:
      '@vue/shared': 3.5.24

  '@vue/runtime-core@3.5.24':
    dependencies:
      '@vue/reactivity': 3.5.24
      '@vue/shared': 3.5.24

  '@vue/runtime-dom@3.5.24':
    dependencies:
      '@vue/reactivity': 3.5.24
      '@vue/runtime-core': 3.5.24
      '@vue/shared': 3.5.24
      csstype: 3.2.3

  '@vue/server-renderer@3.5.24(vue@3.5.24)':
    dependencies:
      '@vue/compiler-ssr': 3.5.24
      '@vue/shared': 3.5.24
      vue: 3.5.24

  '@vue/shared@3.5.24': {}

  birpc@2.8.0: {}

  copy-anything@4.0.5:
    dependencies:
      is-what: 5.5.0

  csstype@3.2.3: {}

  dayjs@1.11.19: {}

  entities@4.5.0: {}

  estree-walker@2.0.2: {}

  hookable@5.5.3: {}

  is-what@5.5.0: {}

  magic-string@0.30.21:
    dependencies:
      '@jridgewell/sourcemap-codec': 1.5.5

  mitt@3.0.1: {}

  nanoid@3.3.11: {}

  perfect-debounce@1.0.0: {}

  picocolors@1.1.1: {}

  pinia@3.0.4(vue@3.5.24):
    dependencies:
      '@vue/devtools-api': 7.7.9
      vue: 3.5.24

  postcss@8.5.6:
    dependencies:
      nanoid: 3.3.11
      picocolors: 1.1.1
      source-map-js: 1.2.1

  rfdc@1.4.1: {}

  source-map-js@1.2.1: {}

  speakingurl@14.0.1: {}

  superjson@2.2.5:
    dependencies:
      copy-anything: 4.0.5

  vue@3.5.24:
    dependencies:
      '@vue/compiler-dom': 3.5.24
      '@vue/compiler-sfc': 3.5.24
      '@vue/runtime-dom': 3.5.24
      '@vue/server-renderer': 3.5.24(vue@3.5.24)
      '@vue/shared': 3.5.24

  vuex@4.1.0(vue@3.5.24):
    dependencies:
      '@vue/devtools-api': 6.6.4
      vue: 3.5.24
